
Microsoft Visual Studio Solution File, Format Version 12.00
# Visual Studio 15
VisualStudioVersion = 15.0.27004.2009
MinimumVisualStudioVersion = 10.0.40219.1
Project("{FAE04EC0-301F-11D3-BF4B-00C04F79EFBC}") = "PF1S20.1", "RGProject\PF1S20.1.csproj", "{EEBBCE50-D97C-40F9-956F-73002F4AEE26}"
EndProject
Global
	GlobalSection(SolutionConfigurationPlatforms) = preSolution
		Debug|Any CPU = Debug|Any CPU
		Release|Any CPU = Release|Any CPU
	EndGlobalSection
	GlobalSection(ProjectConfigurationPlatforms) = postSolution
		{EEBBCE50-D97C-40F9-956F-73002F4AEE26}.Debug|Any CPU.ActiveCfg = Debug|Any CPU
		{EEBBCE50-D97C-40F9-956F-73002F4AEE26}.Debug|Any CPU.Build.0 = Debug|Any CPU
		{EEBBCE50-D97C-40F9-956F-73002F4AEE26}.Release|Any CPU.ActiveCfg = Release|Any CPU
		{EEBBCE50-D97C-40F9-956F-73002F4AEE26}.Release|Any CPU.Build.0 = Release|Any CPU
	EndGlobalSection
	GlobalSection(SolutionProperties) = preSolution
		HideSolutionNode = FALSE
	EndGlobalSection
	GlobalSection(ExtensibilityGlobals) = postSolution
		SolutionGuid = {791F7879-668C-4655-AED9-A10614A098DC}
	EndGlobalSection
EndGlobal
